
Microsoft Visual Studio Solution File, Format Version 12.00
# Visual Studio Version 17
VisualStudioVersion = 17.3.32804.467
MinimumVisualStudioVersion = 10.0.40219.1
Project("{FAE04EC0-301F-11D3-BF4B-00C04F79EFBC}") = "PHIMS", "PHIMS\PHIMS.csproj", "{4EE02408-8AA3-4BD4-B6B3-4B2351EB4441}"
EndProject
Global
	GlobalSection(SolutionConfigurationPlatforms) = preSolution
		Debug|Any CPU = Debug|Any CPU
		Release|Any CPU = Release|Any CPU
	EndGlobalSection
	GlobalSection(ProjectConfigurationPlatforms) = postSolution
		{4EE02408-8AA3-4BD4-B6B3-4B2351EB4441}.Debug|Any CPU.ActiveCfg = Debug|Any CPU
		{4EE02408-8AA3-4BD4-B6B3-4B2351EB4441}.Debug|Any CPU.Build.0 = Debug|Any CPU
		{4EE02408-8AA3-4BD4-B6B3-4B2351EB4441}.Release|Any CPU.ActiveCfg = Release|Any CPU
		{4EE02408-8AA3-4BD4-B6B3-4B2351EB4441}.Release|Any CPU.Build.0 = Release|Any CPU
	EndGlobalSection
	GlobalSection(SolutionProperties) = preSolution
		HideSolutionNode = FALSE
	EndGlobalSection
	GlobalSection(ExtensibilityGlobals) = postSolution
		SolutionGuid = {2AE4932E-EB2E-4EC2-A483-B9508451D236}
	EndGlobalSection
EndGlobal
